
Microsoft Visual Studio Solution File, Format Version 12.00
# Visual Studio Version 16
VisualStudioVersion = 16.0.31025.194
MinimumVisualStudioVersion = 10.0.40219.1
Project("{FAE04EC0-301F-11D3-BF4B-00C04F79EFBC}") = "Student2", "Student2.csproj", "{2B4A004B-52C1-4D9B-96D7-DC34900E88B1}"
EndProject
Global
	GlobalSection(SolutionConfigurationPlatforms) = preSolution
		Debug|Any CPU = Debug|Any CPU
		Release|Any CPU = Release|Any CPU
	EndGlobalSection
	GlobalSection(ProjectConfigurationPlatforms) = postSolution
		{2B4A004B-52C1-4D9B-96D7-DC34900E88B1}.Debug|Any CPU.ActiveCfg = Debug|Any CPU
		{2B4A004B-52C1-4D9B-96D7-DC34900E88B1}.Debug|Any CPU.Build.0 = Debug|Any CPU
		{2B4A004B-52C1-4D9B-96D7-DC34900E88B1}.Release|Any CPU.ActiveCfg = Release|Any CPU
		{2B4A004B-52C1-4D9B-96D7-DC34900E88B1}.Release|Any CPU.Build.0 = Release|Any CPU
	EndGlobalSection
	GlobalSection(SolutionProperties) = preSolution
		HideSolutionNode = FALSE
	EndGlobalSection
	GlobalSection(ExtensibilityGlobals) = postSolution
		SolutionGuid = {D596C048-98EF-4431-8447-D2A39E99D60C}
	EndGlobalSection
EndGlobal
